
Microsoft Visual Studio Solution File, Format Version 12.00
# Visual Studio Version 17
VisualStudioVersion = 17.6.33801.468
MinimumVisualStudioVersion = 10.0.40219.1
Project("{F2A71F9B-5D33-465A-A702-920D77279786}") = "kognit", "kognit\kognit.fsproj", "{0E0907E6-715A-4121-8EF9-C7FD9CB5F905}"
EndProject
Global
	GlobalSection(SolutionConfigurationPlatforms) = preSolution
		Debug|Any CPU = Debug|Any CPU
		Release|Any CPU = Release|Any CPU
	EndGlobalSection
	GlobalSection(ProjectConfigurationPlatforms) = postSolution
		{0E0907E6-715A-4121-8EF9-C7FD9CB5F905}.Debug|Any CPU.ActiveCfg = Debug|Any CPU
		{0E0907E6-715A-4121-8EF9-C7FD9CB5F905}.Debug|Any CPU.Build.0 = Debug|Any CPU
		{0E0907E6-715A-4121-8EF9-C7FD9CB5F905}.Release|Any CPU.ActiveCfg = Release|Any CPU
		{0E0907E6-715A-4121-8EF9-C7FD9CB5F905}.Release|Any CPU.Build.0 = Release|Any CPU
	EndGlobalSection
	GlobalSection(SolutionProperties) = preSolution
		HideSolutionNode = FALSE
	EndGlobalSection
	GlobalSection(ExtensibilityGlobals) = postSolution
		SolutionGuid = {E89EF837-17A9-461D-8713-8E35D66D2819}
	EndGlobalSection
EndGlobal
